
Microsoft Visual Studio Solution File, Format Version 12.00
# Visual Studio Version 17
VisualStudioVersion = 17.1.32210.238
MinimumVisualStudioVersion = 10.0.40219.1
Project("{FAE04EC0-301F-11D3-BF4B-00C04F79EFBC}") = "Exercise3", "Exercise3\Exercise3.csproj", "{AB89CD84-28FF-4C81-910E-3C6243E1ADEB}"
EndProject
Global
	GlobalSection(SolutionConfigurationPlatforms) = preSolution
		Debug|Any CPU = Debug|Any CPU
		Release|Any CPU = Release|Any CPU
	EndGlobalSection
	GlobalSection(ProjectConfigurationPlatforms) = postSolution
		{AB89CD84-28FF-4C81-910E-3C6243E1ADEB}.Debug|Any CPU.ActiveCfg = Debug|Any CPU
		{AB89CD84-28FF-4C81-910E-3C6243E1ADEB}.Debug|Any CPU.Build.0 = Debug|Any CPU
		{AB89CD84-28FF-4C81-910E-3C6243E1ADEB}.Release|Any CPU.ActiveCfg = Release|Any CPU
		{AB89CD84-28FF-4C81-910E-3C6243E1ADEB}.Release|Any CPU.Build.0 = Release|Any CPU
	EndGlobalSection
	GlobalSection(SolutionProperties) = preSolution
		HideSolutionNode = FALSE
	EndGlobalSection
	GlobalSection(ExtensibilityGlobals) = postSolution
		SolutionGuid = {CC4B381F-515E-46DC-BC9E-459C2F86DEEF}
	EndGlobalSection
EndGlobal
